
Microsoft Visual Studio Solution File, Format Version 12.00
# Visual Studio Version 17
VisualStudioVersion = 17.8.34330.188
MinimumVisualStudioVersion = 10.0.40219.1
Project("{FAE04EC0-301F-11D3-BF4B-00C04F79EFBC}") = "BE_QuanLyBanVeXemPhim", "BE_QuanLyBanVeXemPhim\BE_QuanLyBanVeXemPhim.csproj", "{95BF7464-6869-4042-94BA-B60D2AE4A0A9}"
EndProject
Global
	GlobalSection(SolutionConfigurationPlatforms) = preSolution
		Debug|Any CPU = Debug|Any CPU
		Release|Any CPU = Release|Any CPU
	EndGlobalSection
	GlobalSection(ProjectConfigurationPlatforms) = postSolution
		{95BF7464-6869-4042-94BA-B60D2AE4A0A9}.Debug|Any CPU.ActiveCfg = Debug|Any CPU
		{95BF7464-6869-4042-94BA-B60D2AE4A0A9}.Debug|Any CPU.Build.0 = Debug|Any CPU
		{95BF7464-6869-4042-94BA-B60D2AE4A0A9}.Release|Any CPU.ActiveCfg = Release|Any CPU
		{95BF7464-6869-4042-94BA-B60D2AE4A0A9}.Release|Any CPU.Build.0 = Release|Any CPU
	EndGlobalSection
	GlobalSection(SolutionProperties) = preSolution
		HideSolutionNode = FALSE
	EndGlobalSection
	GlobalSection(ExtensibilityGlobals) = postSolution
		SolutionGuid = {1F90BF8E-EEFF-43D2-829F-F7049705A1B6}
	EndGlobalSection
EndGlobal
